
Microsoft Visual Studio Solution File, Format Version 12.00
# Visual Studio Version 16
VisualStudioVersion = 16.0.31515.178
MinimumVisualStudioVersion = 10.0.40219.1
Project("{FAE04EC0-301F-11D3-BF4B-00C04F79EFBC}") = "oraimunkagaming", "oraimunkagaming\oraimunkagaming.csproj", "{436D81F9-45CE-4227-906B-C60827329E9D}"
EndProject
Global
	GlobalSection(SolutionConfigurationPlatforms) = preSolution
		Debug|Any CPU = Debug|Any CPU
		Release|Any CPU = Release|Any CPU
	EndGlobalSection
	GlobalSection(ProjectConfigurationPlatforms) = postSolution
		{436D81F9-45CE-4227-906B-C60827329E9D}.Debug|Any CPU.ActiveCfg = Debug|Any CPU
		{436D81F9-45CE-4227-906B-C60827329E9D}.Debug|Any CPU.Build.0 = Debug|Any CPU
		{436D81F9-45CE-4227-906B-C60827329E9D}.Release|Any CPU.ActiveCfg = Release|Any CPU
		{436D81F9-45CE-4227-906B-C60827329E9D}.Release|Any CPU.Build.0 = Release|Any CPU
	EndGlobalSection
	GlobalSection(SolutionProperties) = preSolution
		HideSolutionNode = FALSE
	EndGlobalSection
	GlobalSection(ExtensibilityGlobals) = postSolution
		SolutionGuid = {409F787F-2CD4-4739-8CD7-F3C91D8685BD}
	EndGlobalSection
EndGlobal
